
Microsoft Visual Studio Solution File, Format Version 12.00
# Visual Studio Version 17
VisualStudioVersion = 17.3.32519.111
MinimumVisualStudioVersion = 10.0.40219.1
Project("{9A19103F-16F7-4668-BE54-9A1E7A4F7556}") = "JobsTrainer", "JobsTrainer.csproj", "{D09EDE9C-6C69-4D6E-999D-0ECCB849DA2E}"
EndProject
Project("{FAE04EC0-301F-11D3-BF4B-00C04F79EFBC}") = "MachineLearningJobs", "..\MachineLearningJobs\MachineLearningJobs.csproj", "{3FB978BB-B427-4C7E-BF05-2C299AB9D0C6}"
EndProject
Global
	GlobalSection(SolutionConfigurationPlatforms) = preSolution
		Debug|Any CPU = Debug|Any CPU
		Release|Any CPU = Release|Any CPU
	EndGlobalSection
	GlobalSection(ProjectConfigurationPlatforms) = postSolution
		{D09EDE9C-6C69-4D6E-999D-0ECCB849DA2E}.Debug|Any CPU.ActiveCfg = Debug|Any CPU
		{D09EDE9C-6C69-4D6E-999D-0ECCB849DA2E}.Debug|Any CPU.Build.0 = Debug|Any CPU
		{D09EDE9C-6C69-4D6E-999D-0ECCB849DA2E}.Release|Any CPU.ActiveCfg = Release|Any CPU
		{D09EDE9C-6C69-4D6E-999D-0ECCB849DA2E}.Release|Any CPU.Build.0 = Release|Any CPU
		{3FB978BB-B427-4C7E-BF05-2C299AB9D0C6}.Debug|Any CPU.ActiveCfg = Debug|Any CPU
		{3FB978BB-B427-4C7E-BF05-2C299AB9D0C6}.Debug|Any CPU.Build.0 = Debug|Any CPU
		{3FB978BB-B427-4C7E-BF05-2C299AB9D0C6}.Release|Any CPU.ActiveCfg = Release|Any CPU
		{3FB978BB-B427-4C7E-BF05-2C299AB9D0C6}.Release|Any CPU.Build.0 = Release|Any CPU
	EndGlobalSection
	GlobalSection(SolutionProperties) = preSolution
		HideSolutionNode = FALSE
	EndGlobalSection
	GlobalSection(ExtensibilityGlobals) = postSolution
		SolutionGuid = {A4C54861-A788-4E3A-A199-9192944E825E}
	EndGlobalSection
EndGlobal
