
Microsoft Visual Studio Solution File, Format Version 12.00
# Visual Studio Version 17
VisualStudioVersion = 17.3.32519.111
MinimumVisualStudioVersion = 10.0.40219.1
Project("{9A19103F-16F7-4668-BE54-9A1E7A4F7556}") = "JobsTrainerML.ConsoleApp", "JobsTrainerML.ConsoleApp\JobsTrainerML.ConsoleApp.csproj", "{1D999094-A03E-48A2-9165-2A6C4CD0D58F}"
EndProject
Project("{9A19103F-16F7-4668-BE54-9A1E7A4F7556}") = "JobsTrainerML.Model", "JobsTrainerML.Model\JobsTrainerML.Model.csproj", "{03259BA0-B5A7-438A-A39C-856436F7BBBA}"
EndProject
Project("{9A19103F-16F7-4668-BE54-9A1E7A4F7556}") = "JobsTrainer", "JobsTrainer\JobsTrainer.csproj", "{4A4DC392-89C1-42D6-A8A8-7C29DF156438}"
EndProject
Global
	GlobalSection(SolutionConfigurationPlatforms) = preSolution
		Debug|Any CPU = Debug|Any CPU
		Release|Any CPU = Release|Any CPU
	EndGlobalSection
	GlobalSection(ProjectConfigurationPlatforms) = postSolution
		{1D999094-A03E-48A2-9165-2A6C4CD0D58F}.Debug|Any CPU.ActiveCfg = Debug|Any CPU
		{1D999094-A03E-48A2-9165-2A6C4CD0D58F}.Debug|Any CPU.Build.0 = Debug|Any CPU
		{1D999094-A03E-48A2-9165-2A6C4CD0D58F}.Release|Any CPU.ActiveCfg = Release|Any CPU
		{1D999094-A03E-48A2-9165-2A6C4CD0D58F}.Release|Any CPU.Build.0 = Release|Any CPU
		{03259BA0-B5A7-438A-A39C-856436F7BBBA}.Debug|Any CPU.ActiveCfg = Debug|Any CPU
		{03259BA0-B5A7-438A-A39C-856436F7BBBA}.Debug|Any CPU.Build.0 = Debug|Any CPU
		{03259BA0-B5A7-438A-A39C-856436F7BBBA}.Release|Any CPU.ActiveCfg = Release|Any CPU
		{03259BA0-B5A7-438A-A39C-856436F7BBBA}.Release|Any CPU.Build.0 = Release|Any CPU
		{4A4DC392-89C1-42D6-A8A8-7C29DF156438}.Debug|Any CPU.ActiveCfg = Debug|Any CPU
		{4A4DC392-89C1-42D6-A8A8-7C29DF156438}.Debug|Any CPU.Build.0 = Debug|Any CPU
		{4A4DC392-89C1-42D6-A8A8-7C29DF156438}.Release|Any CPU.ActiveCfg = Release|Any CPU
		{4A4DC392-89C1-42D6-A8A8-7C29DF156438}.Release|Any CPU.Build.0 = Release|Any CPU
	EndGlobalSection
	GlobalSection(SolutionProperties) = preSolution
		HideSolutionNode = FALSE
	EndGlobalSection
	GlobalSection(ExtensibilityGlobals) = postSolution
		SolutionGuid = {1396C557-7E3E-4C8D-87EF-07E4D0A0E046}
	EndGlobalSection
EndGlobal
